
Microsoft Visual Studio Solution File, Format Version 10.00
# Visual Studio 2008
Project("{FAE04EC0-301F-11D3-BF4B-00C04F79EFBC}") = "Attendance", "Attendance\Attendance.csproj", "{FA3999F1-3E36-40AE-88EE-C64609F27DFF}"
EndProject
Project("{FAE04EC0-301F-11D3-BF4B-00C04F79EFBC}") = "Attendance.BAL", "Attendance.BAL\Attendance.BAL.csproj", "{688B5905-D9CD-4C95-9A9B-03D7B1F50148}"
EndProject
Project("{FAE04EC0-301F-11D3-BF4B-00C04F79EFBC}") = "Attendance.Entities", "Attendance.Entities\Attendance.Entities.csproj", "{97A06B8D-AFDA-4CC7-B77D-664715094F22}"
EndProject
Global
	GlobalSection(SolutionConfigurationPlatforms) = preSolution
		Debug|Any CPU = Debug|Any CPU
		Release|Any CPU = Release|Any CPU
	EndGlobalSection
	GlobalSection(ProjectConfigurationPlatforms) = postSolution
		{FA3999F1-3E36-40AE-88EE-C64609F27DFF}.Debug|Any CPU.ActiveCfg = Debug|Any CPU
		{FA3999F1-3E36-40AE-88EE-C64609F27DFF}.Debug|Any CPU.Build.0 = Debug|Any CPU
		{FA3999F1-3E36-40AE-88EE-C64609F27DFF}.Release|Any CPU.ActiveCfg = Release|Any CPU
		{FA3999F1-3E36-40AE-88EE-C64609F27DFF}.Release|Any CPU.Build.0 = Release|Any CPU
		{688B5905-D9CD-4C95-9A9B-03D7B1F50148}.Debug|Any CPU.ActiveCfg = Debug|Any CPU
		{688B5905-D9CD-4C95-9A9B-03D7B1F50148}.Debug|Any CPU.Build.0 = Debug|Any CPU
		{688B5905-D9CD-4C95-9A9B-03D7B1F50148}.Release|Any CPU.ActiveCfg = Release|Any CPU
		{688B5905-D9CD-4C95-9A9B-03D7B1F50148}.Release|Any CPU.Build.0 = Release|Any CPU
		{97A06B8D-AFDA-4CC7-B77D-664715094F22}.Debug|Any CPU.ActiveCfg = Debug|Any CPU
		{97A06B8D-AFDA-4CC7-B77D-664715094F22}.Debug|Any CPU.Build.0 = Debug|Any CPU
		{97A06B8D-AFDA-4CC7-B77D-664715094F22}.Release|Any CPU.ActiveCfg = Release|Any CPU
		{97A06B8D-AFDA-4CC7-B77D-664715094F22}.Release|Any CPU.Build.0 = Release|Any CPU
	EndGlobalSection
	GlobalSection(SolutionProperties) = preSolution
		HideSolutionNode = FALSE
	EndGlobalSection
EndGlobal
